
Microsoft Visual Studio Solution File, Format Version 12.00
# Visual Studio Version 16
VisualStudioVersion = 16.0.31911.196
MinimumVisualStudioVersion = 10.0.40219.1
Project("{9A19103F-16F7-4668-BE54-9A1E7A4F7556}") = "HeroesVillains", "HeroesVillains.csproj", "{3CF20014-B972-422D-85F9-FDF2B554B38C}"
EndProject
Project("{9A19103F-16F7-4668-BE54-9A1E7A4F7556}") = "HeroesVillains.TestXUnit", "..\HeroesVillains.TestXUnit\HeroesVillains.TestXUnit.csproj", "{7692DB15-F3E5-453E-A639-42E897530110}"
EndProject
Global
	GlobalSection(SolutionConfigurationPlatforms) = preSolution
		Debug|Any CPU = Debug|Any CPU
		Release|Any CPU = Release|Any CPU
	EndGlobalSection
	GlobalSection(ProjectConfigurationPlatforms) = postSolution
		{3CF20014-B972-422D-85F9-FDF2B554B38C}.Debug|Any CPU.ActiveCfg = Debug|Any CPU
		{3CF20014-B972-422D-85F9-FDF2B554B38C}.Debug|Any CPU.Build.0 = Debug|Any CPU
		{3CF20014-B972-422D-85F9-FDF2B554B38C}.Release|Any CPU.ActiveCfg = Release|Any CPU
		{3CF20014-B972-422D-85F9-FDF2B554B38C}.Release|Any CPU.Build.0 = Release|Any CPU
		{7692DB15-F3E5-453E-A639-42E897530110}.Debug|Any CPU.ActiveCfg = Debug|Any CPU
		{7692DB15-F3E5-453E-A639-42E897530110}.Debug|Any CPU.Build.0 = Debug|Any CPU
		{7692DB15-F3E5-453E-A639-42E897530110}.Release|Any CPU.ActiveCfg = Release|Any CPU
		{7692DB15-F3E5-453E-A639-42E897530110}.Release|Any CPU.Build.0 = Release|Any CPU
	EndGlobalSection
	GlobalSection(SolutionProperties) = preSolution
		HideSolutionNode = FALSE
	EndGlobalSection
	GlobalSection(ExtensibilityGlobals) = postSolution
		SolutionGuid = {16D3A84D-E4AE-425E-B8CD-4C08E0C683FF}
	EndGlobalSection
EndGlobal
